// !$*UTF8*$!
{
	archiveVersion = 1;
	classes = {
	};
	objectVersion = 51;
	objects = {

/* Begin PBXBuildFile section */
		C35A85CB211225340053AB48 /* ViewController.swift in Sources */ = {isa = PBXBuildFile; fileRef = C35A85CA211225340053AB48 /* ViewController.swift */; };
		C35A85D0211225470053AB48 /* Assets.xcassets in Resources */ = {isa = PBXBuildFile; fileRef = C35A85CC211225460053AB48 /* Assets.xcassets */; };
		C35A85D2211225470053AB48 /* NaturalLanguageTime.swift in Sources */ = {isa = PBXBuildFile; fileRef = C35A85CE211225460053AB48 /* NaturalLanguageTime.swift */; };
		C35A85D3211225470053AB48 /* AppDelegate.swift in Sources */ = {isa = PBXBuildFile; fileRef = C35A85CF211225460053AB48 /* AppDelegate.swift */; };
		C35A85D82112255F0053AB48 /* Main.storyboard in Resources */ = {isa = PBXBuildFile; fileRef = C35A85D42112255F0053AB48 /* Main.storyboard */; };
		C35A85D92112255F0053AB48 /* LaunchScreen.storyboard in Resources */ = {isa = PBXBuildFile; fileRef = C35A85D62112255F0053AB48 /* LaunchScreen.storyboard */; };
/* End PBXBuildFile section */

/* Begin PBXFileReference section */
		C35A85B321121A0B0053AB48 /* Lazy Clock.app */ = {isa = PBXFileReference; explicitFileType = wrapper.application; includeInIndex = 0; path = "Lazy Clock.app"; sourceTree = BUILT_PRODUCTS_DIR; };
		C35A85CA211225340053AB48 /* ViewController.swift */ = {isa = PBXFileReference; fileEncoding = 4; lastKnownFileType = sourcecode.swift; name = ViewController.swift; path = "Lazy Clock/ViewController.swift"; sourceTree = SOURCE_ROOT; };
		C35A85CC211225460053AB48 /* Assets.xcassets */ = {isa = PBXFileReference; lastKnownFileType = folder.assetcatalog; name = Assets.xcassets; path = "Lazy Clock/Assets.xcassets"; sourceTree = SOURCE_ROOT; };
		C35A85CD211225460053AB48 /* Info.plist */ = {isa = PBXFileReference; fileEncoding = 4; lastKnownFileType = text.plist.xml; name = Info.plist; path = "Lazy Clock/Info.plist"; sourceTree = SOURCE_ROOT; };
		C35A85CE211225460053AB48 /* NaturalLanguageTime.swift */ = {isa = PBXFileReference; fileEncoding = 4; lastKnownFileType = sourcecode.swift; name = NaturalLanguageTime.swift; path = "Lazy Clock/NaturalLanguageTime.swift"; sourceTree = SOURCE_ROOT; };
		C35A85CF211225460053AB48 /* AppDelegate.swift */ = {isa = PBXFileReference; fileEncoding = 4; lastKnownFileType = sourcecode.swift; name = AppDelegate.swift; path = "Lazy Clock/AppDelegate.swift"; sourceTree = SOURCE_ROOT; };
		C35A85D52112255F0053AB48 /* Base */ = {isa = PBXFileReference; lastKnownFileType = file.storyboard; name = Base; path = "Lazy Clock/Base.lproj/Main.storyboard"; sourceTree = SOURCE_ROOT; };
		C35A85D72112255F0053AB48 /* Base */ = {isa = PBXFileReference; lastKnownFileType = file.storyboard; name = Base; path = "Lazy Clock/Base.lproj/LaunchScreen.storyboard"; sourceTree = SOURCE_ROOT; };
/* End PBXFileReference section */

/* Begin PBXFrameworksBuildPhase section */
		C35A85B021121A0B0053AB48 /* Frameworks */ = {
			isa = PBXFrameworksBuildPhase;
			buildActionMask = 2147483647;
			files = (
			);
			runOnlyForDeploymentPostprocessing = 0;
		};
/* End PBXFrameworksBuildPhase section */

/* Begin PBXGroup section */
		C35A85AA21121A0B0053AB48 = {
			isa = PBXGroup;
			children = (
				C35A85B521121A0B0053AB48 /* Lazy Clock */,
				C35A85B421121A0B0053AB48 /* Products */,
			);
			sourceTree = "<group>";
		};
		C35A85B421121A0B0053AB48 /* Products */ = {
			isa = PBXGroup;
			children = (
				C35A85B321121A0B0053AB48 /* Lazy Clock.app */,
			);
			name = Products;
			sourceTree = "<group>";
		};
		C35A85B521121A0B0053AB48 /* Lazy Clock */ = {
			isa = PBXGroup;
			children = (
				C35A85CC211225460053AB48 /* Assets.xcassets */,
				C35A85CF211225460053AB48 /* AppDelegate.swift */,
				C35A85CA211225340053AB48 /* ViewController.swift */,
				C35A85CE211225460053AB48 /* NaturalLanguageTime.swift */,
				C35A85D42112255F0053AB48 /* Main.storyboard */,
				C35A85D62112255F0053AB48 /* LaunchScreen.storyboard */,
				C35A85CD211225460053AB48 /* Info.plist */,
			);
			path = "Lazy Clock";
			sourceTree = "<group>";
		};
/* End PBXGroup section */

/* Begin PBXNativeTarget section */
		C35A85B221121A0B0053AB48 /* Lazy Clock */ = {
			isa = PBXNativeTarget;
			buildConfigurationList = C35A85C521121A0B0053AB48 /* Build configuration list for PBXNativeTarget "Lazy Clock" */;
			buildPhases = (
				C35A85AF21121A0B0053AB48 /* Sources */,
				C35A85B021121A0B0053AB48 /* Frameworks */,
				C35A85B121121A0B0053AB48 /* Resources */,
			);
			buildRules = (
			);
			dependencies = (
			);
			name = "Lazy Clock";
			productName = "Lazy Time";
			productReference = C35A85B321121A0B0053AB48 /* Lazy Clock.app */;
			productType = "com.apple.product-type.application";
		};
/* End PBXNativeTarget section */

/* Begin PBXProject section */
		C35A85AB21121A0B0053AB48 /* Project object */ = {
			isa = PBXProject;
			attributes = {
				LastSwiftUpdateCheck = 1000;
				LastUpgradeCheck = 1000;
				ORGANIZATIONNAME = "Hundter Biede";
				TargetAttributes = {
					C35A85B221121A0B0053AB48 = {
						CreatedOnToolsVersion = 10.0;
					};
				};
			};
			buildConfigurationList = C35A85AE21121A0B0053AB48 /* Build configuration list for PBXProject "Lazy Clock" */;
			compatibilityVersion = "Xcode 10.0";
			developmentRegion = en;
			hasScannedForEncodings = 0;
			knownRegions = (
				en,
				Base,
			);
			mainGroup = C35A85AA21121A0B0053AB48;
			productRefGroup = C35A85B421121A0B0053AB48 /* Products */;
			projectDirPath = "";
			projectRoot = "";
			targets = (
				C35A85B221121A0B0053AB48 /* Lazy Clock */,
			);
		};
/* End PBXProject section */

/* Begin PBXResourcesBuildPhase section */
		C35A85B121121A0B0053AB48 /* Resources */ = {
			isa = PBXResourcesBuildPhase;
			buildActionMask = 2147483647;
			files = (
				C35A85D82112255F0053AB48 /* Main.storyboard in Resources */,
				C35A85D92112255F0053AB48 /* LaunchScreen.storyboard in Resources */,
				C35A85D0211225470053AB48 /* Assets.xcassets in Resources */,
			);
			runOnlyForDeploymentPostprocessing = 0;
		};
/* End PBXResourcesBuildPhase section */

/* Begin PBXSourcesBuildPhase section */
		C35A85AF21121A0B0053AB48 /* Sources */ = {
			isa = PBXSourcesBuildPhase;
			buildActionMask = 2147483647;
			files = (
				C35A85CB211225340053AB48 /* ViewController.swift in Sources */,
				C35A85D2211225470053AB48 /* NaturalLanguageTime.swift in Sources */,
				C35A85D3211225470053AB48 /* AppDelegate.swift in Sources */,
			);
			runOnlyForDeploymentPostprocessing = 0;
		};
/* End PBXSourcesBuildPhase section */

/* Begin PBXVariantGroup section */
		C35A85D42112255F0053AB48 /* Main.storyboard */ = {
			isa = PBXVariantGroup;
			children = (
				C35A85D52112255F0053AB48 /* Base */,
			);
			name = Main.storyboard;
			sourceTree = "<group>";
		};
		C35A85D62112255F0053AB48 /* LaunchScreen.storyboard */ = {
			isa = PBXVariantGroup;
			children = (
				C35A85D72112255F0053AB48 /* Base */,
			);
			name = LaunchScreen.storyboard;
			sourceTree = "<group>";
		};
/* End PBXVariantGroup section */

/* Begin XCBuildConfiguration section */
		C35A85C321121A0B0053AB48 /* Debug */ = {
			isa = XCBuildConfiguration;
			buildSettings = {
				ALWAYS_SEARCH_USER_PATHS = NO;
				CLANG_ANALYZER_NONNULL = YES;
				CLANG_ANALYZER_NUMBER_OBJECT_CONVERSION = YES_AGGRESSIVE;
				CLANG_CXX_LANGUAGE_STANDARD = "gnu++14";
				CLANG_CXX_LIBRARY = "libc++";
				CLANG_ENABLE_MODULES = YES;
				CLANG_ENABLE_OBJC_ARC = YES;
				CLANG_ENABLE_OBJC_WEAK = YES;
				CLANG_WARN_BLOCK_CAPTURE_AUTORELEASING = YES;
				CLANG_WARN_BOOL_CONVERSION = YES;
				CLANG_WARN_COMMA = YES;
				CLANG_WARN_CONSTANT_CONVERSION = YES;
				CLANG_WARN_DEPRECATED_OBJC_IMPLEMENTATIONS = YES;
				CLANG_WARN_DIRECT_OBJC_ISA_USAGE = YES_ERROR;
				CLANG_WARN_DOCUMENTATION_COMMENTS = YES;
				CLANG_WARN_EMPTY_BODY = YES;
				CLANG_WARN_ENUM_CONVERSION = YES;
				CLANG_WARN_INFINITE_RECURSION = YES;
				CLANG_WARN_INT_CONVERSION = YES;
				CLANG_WARN_NON_LITERAL_NULL_CONVERSION = YES;
				CLANG_WARN_OBJC_IMPLICIT_RETAIN_SELF = YES;
				CLANG_WARN_OBJC_LITERAL_CONVERSION = YES;
				CLANG_WARN_OBJC_ROOT_CLASS = YES_ERROR;
				CLANG_WARN_RANGE_LOOP_ANALYSIS = YES;
				CLANG_WARN_STRICT_PROTOTYPES = YES;
				CLANG_WARN_SUSPICIOUS_MOVE = YES;
				CLANG_WARN_UNGUARDED_AVAILABILITY = YES_AGGRESSIVE;
				CLANG_WARN_UNREACHABLE_CODE = YES;
				CLANG_WARN__DUPLICATE_METHOD_MATCH = YES;
				CODE_SIGN_IDENTITY = "iPhone Developer";
				COPY_PHASE_STRIP = NO;
				DEBUG_INFORMATION_FORMAT = dwarf;
				ENABLE_STRICT_OBJC_MSGSEND = YES;
				ENABLE_TESTABILITY = YES;
				GCC_C_LANGUAGE_STANDARD = gnu11;
				GCC_DYNAMIC_NO_PIC = NO;
				GCC_NO_COMMON_BLOCKS = YES;
				GCC_OPTIMIZATION_LEVEL = 0;
				GCC_PREPROCESSOR_DEFINITIONS = (
					"DEBUG=1",
					"$(inherited)",
				);
				GCC_WARN_64_TO_32_BIT_CONVERSION = YES;
				GCC_WARN_ABOUT_RETURN_TYPE = YES_ERROR;
				GCC_WARN_UNDECLARED_SELECTOR = YES;
				GCC_WARN_UNINITIALIZED_AUTOS = YES_AGGRESSIVE;
				GCC_WARN_UNUSED_FUNCTION = YES;
				GCC_WARN_UNUSED_VARIABLE = YES;
				IPHONEOS_DEPLOYMENT_TARGET = 12.0;
				MTL_ENABLE_DEBUG_INFO = INCLUDE_SOURCE;
				MTL_FAST_MATH = YES;
				ONLY_ACTIVE_ARCH = YES;
				SDKROOT = iphoneos;
				SWIFT_ACTIVE_COMPILATION_CONDITIONS = DEBUG;
				SWIFT_OPTIMIZATION_LEVEL = "-Onone";
			};
			name = Debug;
		};
		C35A85C421121A0B0053AB48 /* Release */ = {
			isa = XCBuildConfiguration;
			buildSettings = {
				ALWAYS_SEARCH_USER_PATHS = NO;
				CLANG_ANALYZER_NONNULL = YES;
				CLANG_ANALYZER_NUMBER_OBJECT_CONVERSION = YES_AGGRESSIVE;
				CLANG_CXX_LANGUAGE_STANDARD = "gnu++14";
				CLANG_CXX_LIBRARY = "libc++";
				CLANG_ENABLE_MODULES = YES;
				CLANG_ENABLE_OBJC_ARC = YES;
				CLANG_ENABLE_OBJC_WEAK = YES;
				CLANG_WARN_BLOCK_CAPTURE_AUTORELEASING = YES;
				CLANG_WARN_BOOL_CONVERSION = YES;
				CLANG_WARN_COMMA = YES;
				CLANG_WARN_CONSTANT_CONVERSION = YES;
				CLANG_WARN_DEPRECATED_OBJC_IMPLEMENTATIONS = YES;
				CLANG_WARN_DIRECT_OBJC_ISA_USAGE = YES_ERROR;
				CLANG_WARN_DOCUMENTATION_COMMENTS = YES;
				CLANG_WARN_EMPTY_BODY = YES;
				CLANG_WARN_ENUM_CONVERSION = YES;
				CLANG_WARN_INFINITE_RECURSION = YES;
				CLANG_WARN_INT_CONVERSION = YES;
				CLANG_WARN_NON_LITERAL_NULL_CONVERSION = YES;
				CLANG_WARN_OBJC_IMPLICIT_RETAIN_SELF = YES;
				CLANG_WARN_OBJC_LITERAL_CONVERSION = YES;
				CLANG_WARN_OBJC_ROOT_CLASS = YES_ERROR;
				CLANG_WARN_RANGE_LOOP_ANALYSIS = YES;
				CLANG_WARN_STRICT_PROTOTYPES = YES;
				CLANG_WARN_SUSPICIOUS_MOVE = YES;
				CLANG_WARN_UNGUARDED_AVAILABILITY = YES_AGGRESSIVE;
				CLANG_WARN_UNREACHABLE_CODE = YES;
				CLANG_WARN__DUPLICATE_METHOD_MATCH = YES;
				CODE_SIGN_IDENTITY = "iPhone Developer";
				COPY_PHASE_STRIP = NO;
				DEBUG_INFORMATION_FORMAT = "dwarf-with-dsym";
				ENABLE_NS_ASSERTIONS = NO;
				ENABLE_STRICT_OBJC_MSGSEND = YES;
				GCC_C_LANGUAGE_STANDARD = gnu11;
				GCC_NO_COMMON_BLOCKS = YES;
				GCC_WARN_64_TO_32_BIT_CONVERSION = YES;
				GCC_WARN_ABOUT_RETURN_TYPE = YES_ERROR;
				GCC_WARN_UNDECLARED_SELECTOR = YES;
				GCC_WARN_UNINITIALIZED_AUTOS = YES_AGGRESSIVE;
				GCC_WARN_UNUSED_FUNCTION = YES;
				GCC_WARN_UNUSED_VARIABLE = YES;
				IPHONEOS_DEPLOYMENT_TARGET = 12.0;
				MTL_ENABLE_DEBUG_INFO = NO;
				MTL_FAST_MATH = YES;
				SDKROOT = iphoneos;
				SWIFT_COMPILATION_MODE = wholemodule;
				SWIFT_OPTIMIZATION_LEVEL = "-O";
				VALIDATE_PRODUCT = YES;
			};
			name = Release;
		};
		C35A85C621121A0B0053AB48 /* Debug */ = {
			isa = XCBuildConfiguration;
			buildSettings = {
				ASSETCATALOG_COMPILER_APPICON_NAME = LazyClock;
				CODE_SIGN_STYLE = Automatic;
				DEVELOPMENT_TEAM = 69RV8YV62P;
				INFOPLIST_FILE = "$(SRCROOT)/Lazy Clock/Info.plist";
				LD_RUNPATH_SEARCH_PATHS = "$(inherited) @executable_path/Frameworks";
				PRODUCT_BUNDLE_IDENTIFIER = "com.hbiede.Lazy-Clock";
				PRODUCT_NAME = "$(TARGET_NAME)";
				SWIFT_VERSION = 4.2;
				TARGETED_DEVICE_FAMILY = "1,2";
			};
			name = Debug;
		};
		C35A85C721121A0B0053AB48 /* Release */ = {
			isa = XCBuildConfiguration;
			buildSettings = {
				ASSETCATALOG_COMPILER_APPICON_NAME = LazyClock;
				CODE_SIGN_STYLE = Automatic;
				DEVELOPMENT_TEAM = 69RV8YV62P;
				INFOPLIST_FILE = "$(SRCROOT)/Lazy Clock/Info.plist";
				LD_RUNPATH_SEARCH_PATHS = "$(inherited) @executable_path/Frameworks";
				PRODUCT_BUNDLE_IDENTIFIER = "com.hbiede.Lazy-Clock";
				PRODUCT_NAME = "$(TARGET_NAME)";
				SWIFT_VERSION = 4.2;
				TARGETED_DEVICE_FAMILY = "1,2";
			};
			name = Release;
		};
/* End XCBuildConfiguration section */

/* Begin XCConfigurationList section */
		C35A85AE21121A0B0053AB48 /* Build configuration list for PBXProject "Lazy Clock" */ = {
			isa = XCConfigurationList;
			buildConfigurations = (
				C35A85C321121A0B0053AB48 /* Debug */,
				C35A85C421121A0B0053AB48 /* Release */,
			);
			defaultConfigurationIsVisible = 0;
			defaultConfigurationName = Release;
		};
		C35A85C521121A0B0053AB48 /* Build configuration list for PBXNativeTarget "Lazy Clock" */ = {
			isa = XCConfigurationList;
			buildConfigurations = (
				C35A85C621121A0B0053AB48 /* Debug */,
				C35A85C721121A0B0053AB48 /* Release */,
			);
			defaultConfigurationIsVisible = 0;
			defaultConfigurationName = Release;
		};
/* End XCConfigurationList section */
	};
	rootObject = C35A85AB21121A0B0053AB48 /* Project object */;
}
