// !$*UTF8*$!
{
	archiveVersion = 1;
	classes = {
	};
	objectVersion = 51;
	objects = {

/* Begin PBXBuildFile section */
		C309EA7C215147140074AEAD /* LazyClockSpecifiedIntentHandler.swift in Sources */ = {isa = PBXBuildFile; fileRef = C309EA7B215147140074AEAD /* LazyClockSpecifiedIntentHandler.swift */; };
		C310D0C52112BA54002302E8 /* NaturalLanguageTime.swift in Sources */ = {isa = PBXBuildFile; fileRef = C35A85CE211225460053AB48 /* NaturalLanguageTime.swift */; };
		C310D0FC2112C47A002302E8 /* Assets.xcassets in Resources */ = {isa = PBXBuildFile; fileRef = C35A85CC211225460053AB48 /* Assets.xcassets */; };
		C31F82DD213C5DB100294F4F /* Stickers.xcassets in Resources */ = {isa = PBXBuildFile; fileRef = C31F82DC213C5DB100294F4F /* Stickers.xcassets */; };
		C31F82E1213C5DB100294F4F /* Stickers.appex in Embed App Extensions */ = {isa = PBXBuildFile; fileRef = C31F82DA213C5DAF00294F4F /* Stickers.appex */; settings = {ATTRIBUTES = (RemoveHeadersOnCopy, ); }; };
		C31F82E6213C72AD00294F4F /* LaunchScreen.storyboard in Resources */ = {isa = PBXBuildFile; fileRef = C31F82E5213C72AD00294F4F /* LaunchScreen.storyboard */; };
		C332BA302134F1A000276726 /* NotificationCenter.framework in Frameworks */ = {isa = PBXBuildFile; fileRef = C332BA2F2134F1A000276726 /* NotificationCenter.framework */; };
		C332BA332134F1A000276726 /* TodayViewController.swift in Sources */ = {isa = PBXBuildFile; fileRef = C332BA322134F1A000276726 /* TodayViewController.swift */; };
		C332BA362134F1A000276726 /* MainInterface.storyboard in Resources */ = {isa = PBXBuildFile; fileRef = C332BA342134F1A000276726 /* MainInterface.storyboard */; };
		C332BA3A2134F1A000276726 /* TodayView.appex in Embed App Extensions */ = {isa = PBXBuildFile; fileRef = C332BA2E2134F1A000276726 /* TodayView.appex */; settings = {ATTRIBUTES = (RemoveHeadersOnCopy, ); }; };
		C332BA3E2134F20F00276726 /* NaturalLanguageTime.swift in Sources */ = {isa = PBXBuildFile; fileRef = C35A85CE211225460053AB48 /* NaturalLanguageTime.swift */; };
		C332BA842134F83900276726 /* IntentHandler.swift in Sources */ = {isa = PBXBuildFile; fileRef = C332BA832134F83900276726 /* IntentHandler.swift */; };
		C332BA982134F83900276726 /* LazyIntent.appex in Embed App Extensions */ = {isa = PBXBuildFile; fileRef = C332BA812134F83900276726 /* LazyIntent.appex */; settings = {ATTRIBUTES = (RemoveHeadersOnCopy, ); }; };
		C332BAA22134F8AD00276726 /* NaturalLanguageTime.swift in Sources */ = {isa = PBXBuildFile; fileRef = C35A85CE211225460053AB48 /* NaturalLanguageTime.swift */; };
		C332BAA72134F9AD00276726 /* LazyClockIntentHandler.swift in Sources */ = {isa = PBXBuildFile; fileRef = C332BAA62134F9AD00276726 /* LazyClockIntentHandler.swift */; };
		C332BAAA2134FFF800276726 /* Intents.intentdefinition in Sources */ = {isa = PBXBuildFile; fileRef = C332BAA92134FFF800276726 /* Intents.intentdefinition */; };
		C332BAAB213500C900276726 /* Intents.intentdefinition in Sources */ = {isa = PBXBuildFile; fileRef = C332BAA92134FFF800276726 /* Intents.intentdefinition */; };
		C344ADEC2134B3C000638455 /* SettingsViewController.swift in Sources */ = {isa = PBXBuildFile; fileRef = C344ADEB2134B3C000638455 /* SettingsViewController.swift */; };
		C35A85D3211225470053AB48 /* AppDelegate.swift in Sources */ = {isa = PBXBuildFile; fileRef = C35A85CF211225460053AB48 /* AppDelegate.swift */; };
		C35A85D82112255F0053AB48 /* Main.storyboard in Resources */ = {isa = PBXBuildFile; fileRef = C35A85D42112255F0053AB48 /* Main.storyboard */; };
		C37133022132809000C8282A /* AppDelegate.swift in Sources */ = {isa = PBXBuildFile; fileRef = C37133012132809000C8282A /* AppDelegate.swift */; };
		C37133252132821700C8282A /* NaturalLanguageTime.swift in Sources */ = {isa = PBXBuildFile; fileRef = C35A85CE211225460053AB48 /* NaturalLanguageTime.swift */; };
		C3713328213282BF00C8282A /* Main.storyboard in Resources */ = {isa = PBXBuildFile; fileRef = C371331C2132816400C8282A /* Main.storyboard */; };
		C3B218C221C448DF00B3AFAB /* NaturalLanguageTime.swift in Sources */ = {isa = PBXBuildFile; fileRef = C35A85CE211225460053AB48 /* NaturalLanguageTime.swift */; };
		C3B218CA21C44C1800B3AFAB /* Lazy_ClockTests.swift in Sources */ = {isa = PBXBuildFile; fileRef = C3B218C921C44C1800B3AFAB /* Lazy_ClockTests.swift */; };
		C3B218D121C44D4100B3AFAB /* NaturalLanguageTime.swift in Sources */ = {isa = PBXBuildFile; fileRef = C35A85CE211225460053AB48 /* NaturalLanguageTime.swift */; };
		C3BC025E21C4369100845642 /* Interface.storyboard in Resources */ = {isa = PBXBuildFile; fileRef = C3BC025C21C4369100845642 /* Interface.storyboard */; };
		C3BC026021C4369100845642 /* Assets.xcassets in Resources */ = {isa = PBXBuildFile; fileRef = C3BC025F21C4369100845642 /* Assets.xcassets */; };
		C3BC026721C4369200845642 /* watchOS Extension.appex in Embed App Extensions */ = {isa = PBXBuildFile; fileRef = C3BC026621C4369100845642 /* watchOS Extension.appex */; settings = {ATTRIBUTES = (RemoveHeadersOnCopy, ); }; };
		C3BC026C21C4369200845642 /* InterfaceController.swift in Sources */ = {isa = PBXBuildFile; fileRef = C3BC026B21C4369200845642 /* InterfaceController.swift */; };
		C3BC026E21C4369200845642 /* ExtensionDelegate.swift in Sources */ = {isa = PBXBuildFile; fileRef = C3BC026D21C4369200845642 /* ExtensionDelegate.swift */; };
		C3BC027021C4369200845642 /* NotificationController.swift in Sources */ = {isa = PBXBuildFile; fileRef = C3BC026F21C4369200845642 /* NotificationController.swift */; };
		C3BC027221C4369200845642 /* Assets.xcassets in Resources */ = {isa = PBXBuildFile; fileRef = C3BC027121C4369200845642 /* Assets.xcassets */; };
		C3BC027721C4369200845642 /* watchOS.app in Embed Watch Content */ = {isa = PBXBuildFile; fileRef = C3BC025A21C4369100845642 /* watchOS.app */; };
		C3E7A2622133733200724CCB /* Icon.xcassets in Resources */ = {isa = PBXBuildFile; fileRef = C3E7A2612133733200724CCB /* Icon.xcassets */; };
		C3E7A264213378F600724CCB /* NatLangViewController.swift in Sources */ = {isa = PBXBuildFile; fileRef = C3E7A263213378F600724CCB /* NatLangViewController.swift */; };
		C3E7A26521337D0200724CCB /* NatLangViewController.swift in Sources */ = {isa = PBXBuildFile; fileRef = C3E7A263213378F600724CCB /* NatLangViewController.swift */; };
/* End PBXBuildFile section */

/* Begin PBXContainerItemProxy section */
		C31F82DF213C5DB100294F4F /* PBXContainerItemProxy */ = {
			isa = PBXContainerItemProxy;
			containerPortal = C35A85AB21121A0B0053AB48 /* Project object */;
			proxyType = 1;
			remoteGlobalIDString = C31F82D9213C5DAF00294F4F;
			remoteInfo = Stickers;
		};
		C332BA382134F1A000276726 /* PBXContainerItemProxy */ = {
			isa = PBXContainerItemProxy;
			containerPortal = C35A85AB21121A0B0053AB48 /* Project object */;
			proxyType = 1;
			remoteGlobalIDString = C332BA2D2134F1A000276726;
			remoteInfo = TodayView;
		};
		C332BA962134F83900276726 /* PBXContainerItemProxy */ = {
			isa = PBXContainerItemProxy;
			containerPortal = C35A85AB21121A0B0053AB48 /* Project object */;
			proxyType = 1;
			remoteGlobalIDString = C332BA802134F83900276726;
			remoteInfo = LazyIntent;
		};
		C3B218CC21C44C1800B3AFAB /* PBXContainerItemProxy */ = {
			isa = PBXContainerItemProxy;
			containerPortal = C35A85AB21121A0B0053AB48 /* Project object */;
			proxyType = 1;
			remoteGlobalIDString = C35A85B221121A0B0053AB48;
			remoteInfo = "Lazy Clock";
		};
		C3BC026821C4369200845642 /* PBXContainerItemProxy */ = {
			isa = PBXContainerItemProxy;
			containerPortal = C35A85AB21121A0B0053AB48 /* Project object */;
			proxyType = 1;
			remoteGlobalIDString = C3BC026521C4369100845642;
			remoteInfo = "watchOS Extension";
		};
		C3BC027521C4369200845642 /* PBXContainerItemProxy */ = {
			isa = PBXContainerItemProxy;
			containerPortal = C35A85AB21121A0B0053AB48 /* Project object */;
			proxyType = 1;
			remoteGlobalIDString = C3BC025921C4369100845642;
			remoteInfo = watchOS;
		};
/* End PBXContainerItemProxy section */

/* Begin PBXCopyFilesBuildPhase section */
		C310D0C02112B7CA002302E8 /* Embed App Extensions */ = {
			isa = PBXCopyFilesBuildPhase;
			buildActionMask = 2147483647;
			dstPath = "";
			dstSubfolderSpec = 13;
			files = (
				C31F82E1213C5DB100294F4F /* Stickers.appex in Embed App Extensions */,
				C332BA3A2134F1A000276726 /* TodayView.appex in Embed App Extensions */,
				C332BA982134F83900276726 /* LazyIntent.appex in Embed App Extensions */,
			);
			name = "Embed App Extensions";
			runOnlyForDeploymentPostprocessing = 0;
		};
		C330A2BE2140B29E0046DC87 /* Embed Watch Content */ = {
			isa = PBXCopyFilesBuildPhase;
			buildActionMask = 2147483647;
			dstPath = "$(CONTENTS_FOLDER_PATH)/Watch";
			dstSubfolderSpec = 16;
			files = (
				C3BC027721C4369200845642 /* watchOS.app in Embed Watch Content */,
			);
			name = "Embed Watch Content";
			runOnlyForDeploymentPostprocessing = 0;
		};
		C3BC027B21C4369200845642 /* Embed App Extensions */ = {
			isa = PBXCopyFilesBuildPhase;
			buildActionMask = 2147483647;
			dstPath = "";
			dstSubfolderSpec = 13;
			files = (
				C3BC026721C4369200845642 /* watchOS Extension.appex in Embed App Extensions */,
			);
			name = "Embed App Extensions";
			runOnlyForDeploymentPostprocessing = 0;
		};
/* End PBXCopyFilesBuildPhase section */

/* Begin PBXFileReference section */
		C309EA7B215147140074AEAD /* LazyClockSpecifiedIntentHandler.swift */ = {isa = PBXFileReference; lastKnownFileType = sourcecode.swift; path = LazyClockSpecifiedIntentHandler.swift; sourceTree = "<group>"; };
		C31F82DA213C5DAF00294F4F /* Stickers.appex */ = {isa = PBXFileReference; explicitFileType = "wrapper.app-extension"; includeInIndex = 0; path = Stickers.appex; sourceTree = BUILT_PRODUCTS_DIR; };
		C31F82DC213C5DB100294F4F /* Stickers.xcassets */ = {isa = PBXFileReference; lastKnownFileType = folder.assetcatalog; path = Stickers.xcassets; sourceTree = "<group>"; };
		C31F82DE213C5DB100294F4F /* Info.plist */ = {isa = PBXFileReference; lastKnownFileType = text.plist.xml; path = Info.plist; sourceTree = "<group>"; };
		C31F82E5213C72AD00294F4F /* LaunchScreen.storyboard */ = {isa = PBXFileReference; lastKnownFileType = file.storyboard; path = LaunchScreen.storyboard; sourceTree = "<group>"; };
		C332BA2E2134F1A000276726 /* TodayView.appex */ = {isa = PBXFileReference; explicitFileType = "wrapper.app-extension"; includeInIndex = 0; path = TodayView.appex; sourceTree = BUILT_PRODUCTS_DIR; };
		C332BA2F2134F1A000276726 /* NotificationCenter.framework */ = {isa = PBXFileReference; lastKnownFileType = wrapper.framework; name = NotificationCenter.framework; path = System/Library/Frameworks/NotificationCenter.framework; sourceTree = SDKROOT; };
		C332BA322134F1A000276726 /* TodayViewController.swift */ = {isa = PBXFileReference; lastKnownFileType = sourcecode.swift; path = TodayViewController.swift; sourceTree = "<group>"; };
		C332BA352134F1A000276726 /* Base */ = {isa = PBXFileReference; lastKnownFileType = file.storyboard; name = Base; path = Base.lproj/MainInterface.storyboard; sourceTree = "<group>"; };
		C332BA372134F1A000276726 /* Info.plist */ = {isa = PBXFileReference; lastKnownFileType = text.plist.xml; path = Info.plist; sourceTree = "<group>"; };
		C332BA582134F61500276726 /* Lazy Clock.entitlements */ = {isa = PBXFileReference; lastKnownFileType = text.plist.entitlements; path = "Lazy Clock.entitlements"; sourceTree = "<group>"; };
		C332BA812134F83900276726 /* LazyIntent.appex */ = {isa = PBXFileReference; explicitFileType = "wrapper.app-extension"; includeInIndex = 0; path = LazyIntent.appex; sourceTree = BUILT_PRODUCTS_DIR; };
		C332BA832134F83900276726 /* IntentHandler.swift */ = {isa = PBXFileReference; lastKnownFileType = sourcecode.swift; path = IntentHandler.swift; sourceTree = "<group>"; };
		C332BA852134F83900276726 /* Info.plist */ = {isa = PBXFileReference; lastKnownFileType = text.plist.xml; path = Info.plist; sourceTree = "<group>"; };
		C332BAA62134F9AD00276726 /* LazyClockIntentHandler.swift */ = {isa = PBXFileReference; lastKnownFileType = sourcecode.swift; path = LazyClockIntentHandler.swift; sourceTree = "<group>"; };
		C332BAA92134FFF800276726 /* Intents.intentdefinition */ = {isa = PBXFileReference; lastKnownFileType = file.intentdefinition; path = Intents.intentdefinition; sourceTree = "<group>"; };
		C344ADEB2134B3C000638455 /* SettingsViewController.swift */ = {isa = PBXFileReference; lastKnownFileType = sourcecode.swift; path = SettingsViewController.swift; sourceTree = "<group>"; };
		C344ADED2134BACD00638455 /* Base */ = {isa = PBXFileReference; lastKnownFileType = file.storyboard; name = Base; path = Base.lproj/Main.storyboard; sourceTree = "<group>"; };
		C35A85B321121A0B0053AB48 /* Lazy Clock.app */ = {isa = PBXFileReference; explicitFileType = wrapper.application; includeInIndex = 0; path = "Lazy Clock.app"; sourceTree = BUILT_PRODUCTS_DIR; };
		C35A85CC211225460053AB48 /* Assets.xcassets */ = {isa = PBXFileReference; lastKnownFileType = folder.assetcatalog; name = Assets.xcassets; path = "Lazy Clock/Assets.xcassets"; sourceTree = SOURCE_ROOT; };
		C35A85CD211225460053AB48 /* Info.plist */ = {isa = PBXFileReference; fileEncoding = 4; lastKnownFileType = text.plist.xml; name = Info.plist; path = "Lazy Clock/Info.plist"; sourceTree = SOURCE_ROOT; };
		C35A85CE211225460053AB48 /* NaturalLanguageTime.swift */ = {isa = PBXFileReference; fileEncoding = 4; lastKnownFileType = sourcecode.swift; name = NaturalLanguageTime.swift; path = "Lazy Clock/NaturalLanguageTime.swift"; sourceTree = SOURCE_ROOT; };
		C35A85CF211225460053AB48 /* AppDelegate.swift */ = {isa = PBXFileReference; fileEncoding = 4; lastKnownFileType = sourcecode.swift; name = AppDelegate.swift; path = "Lazy Clock/AppDelegate.swift"; sourceTree = SOURCE_ROOT; };
		C37132FF2132809000C8282A /* Lazy Clock TV.app */ = {isa = PBXFileReference; explicitFileType = wrapper.application; includeInIndex = 0; path = "Lazy Clock TV.app"; sourceTree = BUILT_PRODUCTS_DIR; };
		C37133012132809000C8282A /* AppDelegate.swift */ = {isa = PBXFileReference; lastKnownFileType = sourcecode.swift; path = AppDelegate.swift; sourceTree = "<group>"; };
		C371330A2132809200C8282A /* Info.plist */ = {isa = PBXFileReference; lastKnownFileType = text.plist.xml; path = Info.plist; sourceTree = "<group>"; };
		C371331D2132816400C8282A /* Base */ = {isa = PBXFileReference; lastKnownFileType = file.storyboard; name = Base; path = Base.lproj/Main.storyboard; sourceTree = "<group>"; };
		C3B218C721C44C1800B3AFAB /* Lazy ClockTests.xctest */ = {isa = PBXFileReference; explicitFileType = wrapper.cfbundle; includeInIndex = 0; path = "Lazy ClockTests.xctest"; sourceTree = BUILT_PRODUCTS_DIR; };
		C3B218C921C44C1800B3AFAB /* Lazy_ClockTests.swift */ = {isa = PBXFileReference; lastKnownFileType = sourcecode.swift; path = Lazy_ClockTests.swift; sourceTree = "<group>"; };
		C3B218CB21C44C1800B3AFAB /* Info.plist */ = {isa = PBXFileReference; lastKnownFileType = text.plist.xml; path = Info.plist; sourceTree = "<group>"; };
		C3BC025A21C4369100845642 /* watchOS.app */ = {isa = PBXFileReference; explicitFileType = wrapper.application; includeInIndex = 0; path = watchOS.app; sourceTree = BUILT_PRODUCTS_DIR; };
		C3BC025D21C4369100845642 /* Base */ = {isa = PBXFileReference; lastKnownFileType = file.storyboard; name = Base; path = Base.lproj/Interface.storyboard; sourceTree = "<group>"; };
		C3BC025F21C4369100845642 /* Assets.xcassets */ = {isa = PBXFileReference; lastKnownFileType = folder.assetcatalog; path = Assets.xcassets; sourceTree = "<group>"; };
		C3BC026121C4369100845642 /* Info.plist */ = {isa = PBXFileReference; lastKnownFileType = text.plist.xml; path = Info.plist; sourceTree = "<group>"; };
		C3BC026621C4369100845642 /* watchOS Extension.appex */ = {isa = PBXFileReference; explicitFileType = "wrapper.app-extension"; includeInIndex = 0; path = "watchOS Extension.appex"; sourceTree = BUILT_PRODUCTS_DIR; };
		C3BC026B21C4369200845642 /* InterfaceController.swift */ = {isa = PBXFileReference; lastKnownFileType = sourcecode.swift; path = InterfaceController.swift; sourceTree = "<group>"; };
		C3BC026D21C4369200845642 /* ExtensionDelegate.swift */ = {isa = PBXFileReference; lastKnownFileType = sourcecode.swift; path = ExtensionDelegate.swift; sourceTree = "<group>"; };
		C3BC026F21C4369200845642 /* NotificationController.swift */ = {isa = PBXFileReference; lastKnownFileType = sourcecode.swift; path = NotificationController.swift; sourceTree = "<group>"; };
		C3BC027121C4369200845642 /* Assets.xcassets */ = {isa = PBXFileReference; lastKnownFileType = folder.assetcatalog; path = Assets.xcassets; sourceTree = "<group>"; };
		C3BC027321C4369200845642 /* Info.plist */ = {isa = PBXFileReference; lastKnownFileType = text.plist.xml; path = Info.plist; sourceTree = "<group>"; };
		C3BC027421C4369200845642 /* PushNotificationPayload.apns */ = {isa = PBXFileReference; lastKnownFileType = text; path = PushNotificationPayload.apns; sourceTree = "<group>"; };
		C3E7A2612133733200724CCB /* Icon.xcassets */ = {isa = PBXFileReference; lastKnownFileType = folder.assetcatalog; path = Icon.xcassets; sourceTree = "<group>"; };
		C3E7A263213378F600724CCB /* NatLangViewController.swift */ = {isa = PBXFileReference; lastKnownFileType = sourcecode.swift; path = NatLangViewController.swift; sourceTree = "<group>"; };
/* End PBXFileReference section */

/* Begin PBXFrameworksBuildPhase section */
		C332BA2B2134F1A000276726 /* Frameworks */ = {
			isa = PBXFrameworksBuildPhase;
			buildActionMask = 2147483647;
			files = (
				C332BA302134F1A000276726 /* NotificationCenter.framework in Frameworks */,
			);
			runOnlyForDeploymentPostprocessing = 0;
		};
		C332BA7E2134F83900276726 /* Frameworks */ = {
			isa = PBXFrameworksBuildPhase;
			buildActionMask = 2147483647;
			files = (
			);
			runOnlyForDeploymentPostprocessing = 0;
		};
		C35A85B021121A0B0053AB48 /* Frameworks */ = {
			isa = PBXFrameworksBuildPhase;
			buildActionMask = 2147483647;
			files = (
			);
			runOnlyForDeploymentPostprocessing = 0;
		};
		C37132FC2132809000C8282A /* Frameworks */ = {
			isa = PBXFrameworksBuildPhase;
			buildActionMask = 2147483647;
			files = (
			);
			runOnlyForDeploymentPostprocessing = 0;
		};
		C3B218C421C44C1800B3AFAB /* Frameworks */ = {
			isa = PBXFrameworksBuildPhase;
			buildActionMask = 2147483647;
			files = (
			);
			runOnlyForDeploymentPostprocessing = 0;
		};
		C3BC026321C4369100845642 /* Frameworks */ = {
			isa = PBXFrameworksBuildPhase;
			buildActionMask = 2147483647;
			files = (
			);
			runOnlyForDeploymentPostprocessing = 0;
		};
/* End PBXFrameworksBuildPhase section */

/* Begin PBXGroup section */
		C310D0B02112B7CA002302E8 /* Frameworks */ = {
			isa = PBXGroup;
			children = (
				C332BA2F2134F1A000276726 /* NotificationCenter.framework */,
			);
			name = Frameworks;
			sourceTree = "<group>";
		};
		C31F82DB213C5DAF00294F4F /* Stickers */ = {
			isa = PBXGroup;
			children = (
				C31F82DC213C5DB100294F4F /* Stickers.xcassets */,
				C31F82DE213C5DB100294F4F /* Info.plist */,
			);
			path = Stickers;
			sourceTree = "<group>";
		};
		C332BA312134F1A000276726 /* TodayView */ = {
			isa = PBXGroup;
			children = (
				C332BA322134F1A000276726 /* TodayViewController.swift */,
				C332BA342134F1A000276726 /* MainInterface.storyboard */,
				C332BA372134F1A000276726 /* Info.plist */,
			);
			path = TodayView;
			sourceTree = "<group>";
		};
		C332BA822134F83900276726 /* LazyIntent */ = {
			isa = PBXGroup;
			children = (
				C332BA832134F83900276726 /* IntentHandler.swift */,
				C332BAA62134F9AD00276726 /* LazyClockIntentHandler.swift */,
				C309EA7B215147140074AEAD /* LazyClockSpecifiedIntentHandler.swift */,
				C332BA852134F83900276726 /* Info.plist */,
			);
			path = LazyIntent;
			sourceTree = "<group>";
		};
		C35A85AA21121A0B0053AB48 = {
			isa = PBXGroup;
			children = (
				C35A85B521121A0B0053AB48 /* Lazy Clock */,
				C332BA312134F1A000276726 /* TodayView */,
				C332BA822134F83900276726 /* LazyIntent */,
				C31F82DB213C5DAF00294F4F /* Stickers */,
				C37133002132809000C8282A /* Lazy Clock TV */,
				C3BC025B21C4369100845642 /* watchOS */,
				C3BC026A21C4369200845642 /* watchOS Extension */,
				C3B218C821C44C1800B3AFAB /* Lazy ClockTests */,
				C310D0B02112B7CA002302E8 /* Frameworks */,
				C35A85B421121A0B0053AB48 /* Products */,
			);
			sourceTree = "<group>";
		};
		C35A85B421121A0B0053AB48 /* Products */ = {
			isa = PBXGroup;
			children = (
				C35A85B321121A0B0053AB48 /* Lazy Clock.app */,
				C37132FF2132809000C8282A /* Lazy Clock TV.app */,
				C332BA2E2134F1A000276726 /* TodayView.appex */,
				C332BA812134F83900276726 /* LazyIntent.appex */,
				C31F82DA213C5DAF00294F4F /* Stickers.appex */,
				C3BC025A21C4369100845642 /* watchOS.app */,
				C3BC026621C4369100845642 /* watchOS Extension.appex */,
				C3B218C721C44C1800B3AFAB /* Lazy ClockTests.xctest */,
			);
			name = Products;
			sourceTree = "<group>";
		};
		C35A85B521121A0B0053AB48 /* Lazy Clock */ = {
			isa = PBXGroup;
			children = (
				C332BA582134F61500276726 /* Lazy Clock.entitlements */,
				C35A85CC211225460053AB48 /* Assets.xcassets */,
				C35A85CF211225460053AB48 /* AppDelegate.swift */,
				C3E7A263213378F600724CCB /* NatLangViewController.swift */,
				C344ADEB2134B3C000638455 /* SettingsViewController.swift */,
				C35A85CE211225460053AB48 /* NaturalLanguageTime.swift */,
				C35A85D42112255F0053AB48 /* Main.storyboard */,
				C31F82E5213C72AD00294F4F /* LaunchScreen.storyboard */,
				C35A85CD211225460053AB48 /* Info.plist */,
				C332BAA92134FFF800276726 /* Intents.intentdefinition */,
			);
			path = "Lazy Clock";
			sourceTree = "<group>";
		};
		C37133002132809000C8282A /* Lazy Clock TV */ = {
			isa = PBXGroup;
			children = (
				C3E7A2612133733200724CCB /* Icon.xcassets */,
				C37133012132809000C8282A /* AppDelegate.swift */,
				C371331C2132816400C8282A /* Main.storyboard */,
				C371330A2132809200C8282A /* Info.plist */,
			);
			path = "Lazy Clock TV";
			sourceTree = "<group>";
		};
		C3B218C821C44C1800B3AFAB /* Lazy ClockTests */ = {
			isa = PBXGroup;
			children = (
				C3B218C921C44C1800B3AFAB /* Lazy_ClockTests.swift */,
				C3B218CB21C44C1800B3AFAB /* Info.plist */,
			);
			path = "Lazy ClockTests";
			sourceTree = "<group>";
		};
		C3BC025B21C4369100845642 /* watchOS */ = {
			isa = PBXGroup;
			children = (
				C3BC025C21C4369100845642 /* Interface.storyboard */,
				C3BC025F21C4369100845642 /* Assets.xcassets */,
				C3BC026121C4369100845642 /* Info.plist */,
			);
			path = watchOS;
			sourceTree = "<group>";
		};
		C3BC026A21C4369200845642 /* watchOS Extension */ = {
			isa = PBXGroup;
			children = (
				C3BC026B21C4369200845642 /* InterfaceController.swift */,
				C3BC026D21C4369200845642 /* ExtensionDelegate.swift */,
				C3BC026F21C4369200845642 /* NotificationController.swift */,
				C3BC027121C4369200845642 /* Assets.xcassets */,
				C3BC027321C4369200845642 /* Info.plist */,
				C3BC027421C4369200845642 /* PushNotificationPayload.apns */,
			);
			path = "watchOS Extension";
			sourceTree = "<group>";
		};
/* End PBXGroup section */

/* Begin PBXNativeTarget section */
		C31F82D9213C5DAF00294F4F /* Stickers */ = {
			isa = PBXNativeTarget;
			buildConfigurationList = C31F82E4213C5DB100294F4F /* Build configuration list for PBXNativeTarget "Stickers" */;
			buildPhases = (
				C31F82D8213C5DAF00294F4F /* Resources */,
			);
			buildRules = (
			);
			dependencies = (
			);
			name = Stickers;
			productName = Stickers;
			productReference = C31F82DA213C5DAF00294F4F /* Stickers.appex */;
			productType = "com.apple.product-type.app-extension.messages-sticker-pack";
		};
		C332BA2D2134F1A000276726 /* TodayView */ = {
			isa = PBXNativeTarget;
			buildConfigurationList = C332BA3B2134F1A000276726 /* Build configuration list for PBXNativeTarget "TodayView" */;
			buildPhases = (
				C332BA2A2134F1A000276726 /* Sources */,
				C332BA2B2134F1A000276726 /* Frameworks */,
				C332BA2C2134F1A000276726 /* Resources */,
			);
			buildRules = (
			);
			dependencies = (
			);
			name = TodayView;
			productName = TodayView;
			productReference = C332BA2E2134F1A000276726 /* TodayView.appex */;
			productType = "com.apple.product-type.app-extension";
		};
		C332BA802134F83900276726 /* LazyIntent */ = {
			isa = PBXNativeTarget;
			buildConfigurationList = C332BA9C2134F83900276726 /* Build configuration list for PBXNativeTarget "LazyIntent" */;
			buildPhases = (
				C332BA7D2134F83900276726 /* Sources */,
				C332BA7E2134F83900276726 /* Frameworks */,
				C332BA7F2134F83900276726 /* Resources */,
			);
			buildRules = (
			);
			dependencies = (
			);
			name = LazyIntent;
			productName = LazyIntent;
			productReference = C332BA812134F83900276726 /* LazyIntent.appex */;
			productType = "com.apple.product-type.app-extension";
		};
		C35A85B221121A0B0053AB48 /* Lazy Clock */ = {
			isa = PBXNativeTarget;
			buildConfigurationList = C35A85C521121A0B0053AB48 /* Build configuration list for PBXNativeTarget "Lazy Clock" */;
			buildPhases = (
				C35A85AF21121A0B0053AB48 /* Sources */,
				C35A85B021121A0B0053AB48 /* Frameworks */,
				C35A85B121121A0B0053AB48 /* Resources */,
				C310D0C02112B7CA002302E8 /* Embed App Extensions */,
				C330A2BE2140B29E0046DC87 /* Embed Watch Content */,
			);
			buildRules = (
			);
			dependencies = (
				C332BA392134F1A000276726 /* PBXTargetDependency */,
				C332BA972134F83900276726 /* PBXTargetDependency */,
				C31F82E0213C5DB100294F4F /* PBXTargetDependency */,
				C3BC027621C4369200845642 /* PBXTargetDependency */,
			);
			name = "Lazy Clock";
			productName = "Lazy Time";
			productReference = C35A85B321121A0B0053AB48 /* Lazy Clock.app */;
			productType = "com.apple.product-type.application";
		};
		C37132FE2132809000C8282A /* Lazy Clock TV */ = {
			isa = PBXNativeTarget;
			buildConfigurationList = C371330B2132809200C8282A /* Build configuration list for PBXNativeTarget "Lazy Clock TV" */;
			buildPhases = (
				C37132FB2132809000C8282A /* Sources */,
				C37132FC2132809000C8282A /* Frameworks */,
				C37132FD2132809000C8282A /* Resources */,
			);
			buildRules = (
			);
			dependencies = (
			);
			name = "Lazy Clock TV";
			productName = "Lazy Clock TV";
			productReference = C37132FF2132809000C8282A /* Lazy Clock TV.app */;
			productType = "com.apple.product-type.application";
		};
		C3B218C621C44C1800B3AFAB /* Lazy ClockTests */ = {
			isa = PBXNativeTarget;
			buildConfigurationList = C3B218CE21C44C1800B3AFAB /* Build configuration list for PBXNativeTarget "Lazy ClockTests" */;
			buildPhases = (
				C3B218C321C44C1800B3AFAB /* Sources */,
				C3B218C421C44C1800B3AFAB /* Frameworks */,
				C3B218C521C44C1800B3AFAB /* Resources */,
			);
			buildRules = (
			);
			dependencies = (
				C3B218CD21C44C1800B3AFAB /* PBXTargetDependency */,
			);
			name = "Lazy ClockTests";
			productName = "Lazy ClockTests";
			productReference = C3B218C721C44C1800B3AFAB /* Lazy ClockTests.xctest */;
			productType = "com.apple.product-type.bundle.unit-test";
		};
		C3BC025921C4369100845642 /* watchOS */ = {
			isa = PBXNativeTarget;
			buildConfigurationList = C3BC027C21C4369200845642 /* Build configuration list for PBXNativeTarget "watchOS" */;
			buildPhases = (
				C3BC025821C4369100845642 /* Resources */,
				C3BC027B21C4369200845642 /* Embed App Extensions */,
			);
			buildRules = (
			);
			dependencies = (
				C3BC026921C4369200845642 /* PBXTargetDependency */,
			);
			name = watchOS;
			productName = watchOS;
			productReference = C3BC025A21C4369100845642 /* watchOS.app */;
			productType = "com.apple.product-type.application.watchapp2";
		};
		C3BC026521C4369100845642 /* watchOS Extension */ = {
			isa = PBXNativeTarget;
			buildConfigurationList = C3BC027821C4369200845642 /* Build configuration list for PBXNativeTarget "watchOS Extension" */;
			buildPhases = (
				C3BC026221C4369100845642 /* Sources */,
				C3BC026321C4369100845642 /* Frameworks */,
				C3BC026421C4369100845642 /* Resources */,
			);
			buildRules = (
			);
			dependencies = (
			);
			name = "watchOS Extension";
			productName = "watchOS Extension";
			productReference = C3BC026621C4369100845642 /* watchOS Extension.appex */;
			productType = "com.apple.product-type.watchkit2-extension";
		};
/* End PBXNativeTarget section */

/* Begin PBXProject section */
		C35A85AB21121A0B0053AB48 /* Project object */ = {
			isa = PBXProject;
			attributes = {
				LastSwiftUpdateCheck = 1010;
				LastUpgradeCheck = 1000;
				ORGANIZATIONNAME = "Hundter Biede";
				TargetAttributes = {
					C31F82D9213C5DAF00294F4F = {
						CreatedOnToolsVersion = 10.0;
					};
					C332BA2D2134F1A000276726 = {
						CreatedOnToolsVersion = 10.0;
					};
					C332BA802134F83900276726 = {
						CreatedOnToolsVersion = 10.0;
					};
					C35A85B221121A0B0053AB48 = {
						CreatedOnToolsVersion = 10.0;
						SystemCapabilities = {
							com.apple.ApplicationGroups.iOS = {
								enabled = 0;
							};
							com.apple.Siri = {
								enabled = 1;
							};
						};
					};
					C37132FE2132809000C8282A = {
						CreatedOnToolsVersion = 10.0;
					};
					C3B218C621C44C1800B3AFAB = {
						CreatedOnToolsVersion = 10.1;
						TestTargetID = C35A85B221121A0B0053AB48;
					};
					C3BC025921C4369100845642 = {
						CreatedOnToolsVersion = 10.1;
					};
					C3BC026521C4369100845642 = {
						CreatedOnToolsVersion = 10.1;
					};
				};
			};
			buildConfigurationList = C35A85AE21121A0B0053AB48 /* Build configuration list for PBXProject "Lazy Clock" */;
			compatibilityVersion = "Xcode 10.0";
			developmentRegion = en;
			hasScannedForEncodings = 0;
			knownRegions = (
				Base,
			);
			mainGroup = C35A85AA21121A0B0053AB48;
			productRefGroup = C35A85B421121A0B0053AB48 /* Products */;
			projectDirPath = "";
			projectRoot = "";
			targets = (
				C35A85B221121A0B0053AB48 /* Lazy Clock */,
				C332BA2D2134F1A000276726 /* TodayView */,
				C332BA802134F83900276726 /* LazyIntent */,
				C31F82D9213C5DAF00294F4F /* Stickers */,
				C37132FE2132809000C8282A /* Lazy Clock TV */,
				C3BC025921C4369100845642 /* watchOS */,
				C3BC026521C4369100845642 /* watchOS Extension */,
				C3B218C621C44C1800B3AFAB /* Lazy ClockTests */,
			);
		};
/* End PBXProject section */

/* Begin PBXResourcesBuildPhase section */
		C31F82D8213C5DAF00294F4F /* Resources */ = {
			isa = PBXResourcesBuildPhase;
			buildActionMask = 2147483647;
			files = (
				C31F82DD213C5DB100294F4F /* Stickers.xcassets in Resources */,
			);
			runOnlyForDeploymentPostprocessing = 0;
		};
		C332BA2C2134F1A000276726 /* Resources */ = {
			isa = PBXResourcesBuildPhase;
			buildActionMask = 2147483647;
			files = (
				C332BA362134F1A000276726 /* MainInterface.storyboard in Resources */,
			);
			runOnlyForDeploymentPostprocessing = 0;
		};
		C332BA7F2134F83900276726 /* Resources */ = {
			isa = PBXResourcesBuildPhase;
			buildActionMask = 2147483647;
			files = (
			);
			runOnlyForDeploymentPostprocessing = 0;
		};
		C35A85B121121A0B0053AB48 /* Resources */ = {
			isa = PBXResourcesBuildPhase;
			buildActionMask = 2147483647;
			files = (
				C35A85D82112255F0053AB48 /* Main.storyboard in Resources */,
				C310D0FC2112C47A002302E8 /* Assets.xcassets in Resources */,
				C31F82E6213C72AD00294F4F /* LaunchScreen.storyboard in Resources */,
			);
			runOnlyForDeploymentPostprocessing = 0;
		};
		C37132FD2132809000C8282A /* Resources */ = {
			isa = PBXResourcesBuildPhase;
			buildActionMask = 2147483647;
			files = (
				C3E7A2622133733200724CCB /* Icon.xcassets in Resources */,
				C3713328213282BF00C8282A /* Main.storyboard in Resources */,
			);
			runOnlyForDeploymentPostprocessing = 0;
		};
		C3B218C521C44C1800B3AFAB /* Resources */ = {
			isa = PBXResourcesBuildPhase;
			buildActionMask = 2147483647;
			files = (
			);
			runOnlyForDeploymentPostprocessing = 0;
		};
		C3BC025821C4369100845642 /* Resources */ = {
			isa = PBXResourcesBuildPhase;
			buildActionMask = 2147483647;
			files = (
				C3BC026021C4369100845642 /* Assets.xcassets in Resources */,
				C3BC025E21C4369100845642 /* Interface.storyboard in Resources */,
			);
			runOnlyForDeploymentPostprocessing = 0;
		};
		C3BC026421C4369100845642 /* Resources */ = {
			isa = PBXResourcesBuildPhase;
			buildActionMask = 2147483647;
			files = (
				C3BC027221C4369200845642 /* Assets.xcassets in Resources */,
			);
			runOnlyForDeploymentPostprocessing = 0;
		};
/* End PBXResourcesBuildPhase section */

/* Begin PBXSourcesBuildPhase section */
		C332BA2A2134F1A000276726 /* Sources */ = {
			isa = PBXSourcesBuildPhase;
			buildActionMask = 2147483647;
			files = (
				C332BA3E2134F20F00276726 /* NaturalLanguageTime.swift in Sources */,
				C332BA332134F1A000276726 /* TodayViewController.swift in Sources */,
			);
			runOnlyForDeploymentPostprocessing = 0;
		};
		C332BA7D2134F83900276726 /* Sources */ = {
			isa = PBXSourcesBuildPhase;
			buildActionMask = 2147483647;
			files = (
				C309EA7C215147140074AEAD /* LazyClockSpecifiedIntentHandler.swift in Sources */,
				C332BAA22134F8AD00276726 /* NaturalLanguageTime.swift in Sources */,
				C332BA842134F83900276726 /* IntentHandler.swift in Sources */,
				C332BAAB213500C900276726 /* Intents.intentdefinition in Sources */,
				C332BAA72134F9AD00276726 /* LazyClockIntentHandler.swift in Sources */,
			);
			runOnlyForDeploymentPostprocessing = 0;
		};
		C35A85AF21121A0B0053AB48 /* Sources */ = {
			isa = PBXSourcesBuildPhase;
			buildActionMask = 2147483647;
			files = (
				C332BAAA2134FFF800276726 /* Intents.intentdefinition in Sources */,
				C310D0C52112BA54002302E8 /* NaturalLanguageTime.swift in Sources */,
				C344ADEC2134B3C000638455 /* SettingsViewController.swift in Sources */,
				C3E7A264213378F600724CCB /* NatLangViewController.swift in Sources */,
				C35A85D3211225470053AB48 /* AppDelegate.swift in Sources */,
			);
			runOnlyForDeploymentPostprocessing = 0;
		};
		C37132FB2132809000C8282A /* Sources */ = {
			isa = PBXSourcesBuildPhase;
			buildActionMask = 2147483647;
			files = (
				C37133252132821700C8282A /* NaturalLanguageTime.swift in Sources */,
				C37133022132809000C8282A /* AppDelegate.swift in Sources */,
				C3E7A26521337D0200724CCB /* NatLangViewController.swift in Sources */,
			);
			runOnlyForDeploymentPostprocessing = 0;
		};
		C3B218C321C44C1800B3AFAB /* Sources */ = {
			isa = PBXSourcesBuildPhase;
			buildActionMask = 2147483647;
			files = (
				C3B218D121C44D4100B3AFAB /* NaturalLanguageTime.swift in Sources */,
				C3B218CA21C44C1800B3AFAB /* Lazy_ClockTests.swift in Sources */,
			);
			runOnlyForDeploymentPostprocessing = 0;
		};
		C3BC026221C4369100845642 /* Sources */ = {
			isa = PBXSourcesBuildPhase;
			buildActionMask = 2147483647;
			files = (
				C3BC027021C4369200845642 /* NotificationController.swift in Sources */,
				C3BC026E21C4369200845642 /* ExtensionDelegate.swift in Sources */,
				C3B218C221C448DF00B3AFAB /* NaturalLanguageTime.swift in Sources */,
				C3BC026C21C4369200845642 /* InterfaceController.swift in Sources */,
			);
			runOnlyForDeploymentPostprocessing = 0;
		};
/* End PBXSourcesBuildPhase section */

/* Begin PBXTargetDependency section */
		C31F82E0213C5DB100294F4F /* PBXTargetDependency */ = {
			isa = PBXTargetDependency;
			target = C31F82D9213C5DAF00294F4F /* Stickers */;
			targetProxy = C31F82DF213C5DB100294F4F /* PBXContainerItemProxy */;
		};
		C332BA392134F1A000276726 /* PBXTargetDependency */ = {
			isa = PBXTargetDependency;
			target = C332BA2D2134F1A000276726 /* TodayView */;
			targetProxy = C332BA382134F1A000276726 /* PBXContainerItemProxy */;
		};
		C332BA972134F83900276726 /* PBXTargetDependency */ = {
			isa = PBXTargetDependency;
			target = C332BA802134F83900276726 /* LazyIntent */;
			targetProxy = C332BA962134F83900276726 /* PBXContainerItemProxy */;
		};
		C3B218CD21C44C1800B3AFAB /* PBXTargetDependency */ = {
			isa = PBXTargetDependency;
			target = C35A85B221121A0B0053AB48 /* Lazy Clock */;
			targetProxy = C3B218CC21C44C1800B3AFAB /* PBXContainerItemProxy */;
		};
		C3BC026921C4369200845642 /* PBXTargetDependency */ = {
			isa = PBXTargetDependency;
			target = C3BC026521C4369100845642 /* watchOS Extension */;
			targetProxy = C3BC026821C4369200845642 /* PBXContainerItemProxy */;
		};
		C3BC027621C4369200845642 /* PBXTargetDependency */ = {
			isa = PBXTargetDependency;
			target = C3BC025921C4369100845642 /* watchOS */;
			targetProxy = C3BC027521C4369200845642 /* PBXContainerItemProxy */;
		};
/* End PBXTargetDependency section */

/* Begin PBXVariantGroup section */
		C332BA342134F1A000276726 /* MainInterface.storyboard */ = {
			isa = PBXVariantGroup;
			children = (
				C332BA352134F1A000276726 /* Base */,
			);
			name = MainInterface.storyboard;
			sourceTree = "<group>";
		};
		C35A85D42112255F0053AB48 /* Main.storyboard */ = {
			isa = PBXVariantGroup;
			children = (
				C344ADED2134BACD00638455 /* Base */,
			);
			name = Main.storyboard;
			sourceTree = "<group>";
		};
		C371331C2132816400C8282A /* Main.storyboard */ = {
			isa = PBXVariantGroup;
			children = (
				C371331D2132816400C8282A /* Base */,
			);
			name = Main.storyboard;
			sourceTree = "<group>";
		};
		C3BC025C21C4369100845642 /* Interface.storyboard */ = {
			isa = PBXVariantGroup;
			children = (
				C3BC025D21C4369100845642 /* Base */,
			);
			name = Interface.storyboard;
			sourceTree = "<group>";
		};
/* End PBXVariantGroup section */

/* Begin XCBuildConfiguration section */
		C31F82E2213C5DB100294F4F /* Debug */ = {
			isa = XCBuildConfiguration;
			buildSettings = {
				ASSETCATALOG_COMPILER_APPICON_NAME = "iMessage App Icon";
				CODE_SIGN_STYLE = Automatic;
				DEVELOPMENT_TEAM = 69RV8YV62P;
				INFOPLIST_FILE = Stickers/Info.plist;
				IPHONEOS_DEPLOYMENT_TARGET = 10.0;
				PRODUCT_BUNDLE_IDENTIFIER = "com.hbiede.Lazy-Clock.iOS.Stickers";
				PRODUCT_NAME = "$(TARGET_NAME)";
				SKIP_INSTALL = YES;
				TARGETED_DEVICE_FAMILY = "1,2";
			};
			name = Debug;
		};
		C31F82E3213C5DB100294F4F /* Release */ = {
			isa = XCBuildConfiguration;
			buildSettings = {
				ASSETCATALOG_COMPILER_APPICON_NAME = "iMessage App Icon";
				CODE_SIGN_STYLE = Automatic;
				DEVELOPMENT_TEAM = 69RV8YV62P;
				INFOPLIST_FILE = Stickers/Info.plist;
				IPHONEOS_DEPLOYMENT_TARGET = 10.0;
				PRODUCT_BUNDLE_IDENTIFIER = "com.hbiede.Lazy-Clock.iOS.Stickers";
				PRODUCT_NAME = "$(TARGET_NAME)";
				SKIP_INSTALL = YES;
				TARGETED_DEVICE_FAMILY = "1,2";
			};
			name = Release;
		};
		C332BA3C2134F1A000276726 /* Debug */ = {
			isa = XCBuildConfiguration;
			buildSettings = {
				CODE_SIGN_STYLE = Automatic;
				DEVELOPMENT_TEAM = 69RV8YV62P;
				INFOPLIST_FILE = TodayView/Info.plist;
				LD_RUNPATH_SEARCH_PATHS = (
					"$(inherited)",
					"@executable_path/Frameworks",
					"@executable_path/../../Frameworks",
				);
				PRODUCT_BUNDLE_IDENTIFIER = "com.hbiede.Lazy-Clock.iOS.TodayView";
				PRODUCT_NAME = "$(TARGET_NAME)";
				SKIP_INSTALL = YES;
				SWIFT_VERSION = 4.2;
				TARGETED_DEVICE_FAMILY = "1,2";
			};
			name = Debug;
		};
		C332BA3D2134F1A000276726 /* Release */ = {
			isa = XCBuildConfiguration;
			buildSettings = {
				CODE_SIGN_STYLE = Automatic;
				DEVELOPMENT_TEAM = 69RV8YV62P;
				INFOPLIST_FILE = TodayView/Info.plist;
				LD_RUNPATH_SEARCH_PATHS = (
					"$(inherited)",
					"@executable_path/Frameworks",
					"@executable_path/../../Frameworks",
				);
				PRODUCT_BUNDLE_IDENTIFIER = "com.hbiede.Lazy-Clock.iOS.TodayView";
				PRODUCT_NAME = "$(TARGET_NAME)";
				SKIP_INSTALL = YES;
				SWIFT_VERSION = 4.2;
				TARGETED_DEVICE_FAMILY = "1,2";
			};
			name = Release;
		};
		C332BA9D2134F83900276726 /* Debug */ = {
			isa = XCBuildConfiguration;
			buildSettings = {
				CODE_SIGN_STYLE = Automatic;
				DEVELOPMENT_TEAM = 69RV8YV62P;
				INFOPLIST_FILE = LazyIntent/Info.plist;
				LD_RUNPATH_SEARCH_PATHS = (
					"$(inherited)",
					"@executable_path/Frameworks",
					"@executable_path/../../Frameworks",
				);
				PRODUCT_BUNDLE_IDENTIFIER = "com.hbiede.Lazy-Clock.iOS.LazyIntent";
				PRODUCT_NAME = "$(TARGET_NAME)";
				SKIP_INSTALL = YES;
				SWIFT_VERSION = 4.2;
				TARGETED_DEVICE_FAMILY = "1,2";
			};
			name = Debug;
		};
		C332BA9E2134F83900276726 /* Release */ = {
			isa = XCBuildConfiguration;
			buildSettings = {
				CODE_SIGN_STYLE = Automatic;
				DEVELOPMENT_TEAM = 69RV8YV62P;
				INFOPLIST_FILE = LazyIntent/Info.plist;
				LD_RUNPATH_SEARCH_PATHS = (
					"$(inherited)",
					"@executable_path/Frameworks",
					"@executable_path/../../Frameworks",
				);
				PRODUCT_BUNDLE_IDENTIFIER = "com.hbiede.Lazy-Clock.iOS.LazyIntent";
				PRODUCT_NAME = "$(TARGET_NAME)";
				SKIP_INSTALL = YES;
				SWIFT_VERSION = 4.2;
				TARGETED_DEVICE_FAMILY = "1,2";
			};
			name = Release;
		};
		C35A85C321121A0B0053AB48 /* Debug */ = {
			isa = XCBuildConfiguration;
			buildSettings = {
				ALWAYS_SEARCH_USER_PATHS = NO;
				CLANG_ANALYZER_NONNULL = YES;
				CLANG_ANALYZER_NUMBER_OBJECT_CONVERSION = YES_AGGRESSIVE;
				CLANG_CXX_LANGUAGE_STANDARD = "gnu++14";
				CLANG_CXX_LIBRARY = "libc++";
				CLANG_ENABLE_MODULES = YES;
				CLANG_ENABLE_OBJC_ARC = YES;
				CLANG_ENABLE_OBJC_WEAK = YES;
				CLANG_WARN_BLOCK_CAPTURE_AUTORELEASING = YES;
				CLANG_WARN_BOOL_CONVERSION = YES;
				CLANG_WARN_COMMA = YES;
				CLANG_WARN_CONSTANT_CONVERSION = YES;
				CLANG_WARN_DEPRECATED_OBJC_IMPLEMENTATIONS = YES;
				CLANG_WARN_DIRECT_OBJC_ISA_USAGE = YES_ERROR;
				CLANG_WARN_DOCUMENTATION_COMMENTS = YES;
				CLANG_WARN_EMPTY_BODY = YES;
				CLANG_WARN_ENUM_CONVERSION = YES;
				CLANG_WARN_INFINITE_RECURSION = YES;
				CLANG_WARN_INT_CONVERSION = YES;
				CLANG_WARN_NON_LITERAL_NULL_CONVERSION = YES;
				CLANG_WARN_OBJC_IMPLICIT_RETAIN_SELF = YES;
				CLANG_WARN_OBJC_LITERAL_CONVERSION = YES;
				CLANG_WARN_OBJC_ROOT_CLASS = YES_ERROR;
				CLANG_WARN_RANGE_LOOP_ANALYSIS = YES;
				CLANG_WARN_STRICT_PROTOTYPES = YES;
				CLANG_WARN_SUSPICIOUS_MOVE = YES;
				CLANG_WARN_UNGUARDED_AVAILABILITY = YES_AGGRESSIVE;
				CLANG_WARN_UNREACHABLE_CODE = YES;
				CLANG_WARN__DUPLICATE_METHOD_MATCH = YES;
				CODE_SIGN_IDENTITY = "iPhone Developer";
				COPY_PHASE_STRIP = NO;
				DEBUG_INFORMATION_FORMAT = dwarf;
				ENABLE_STRICT_OBJC_MSGSEND = YES;
				ENABLE_TESTABILITY = YES;
				GCC_C_LANGUAGE_STANDARD = gnu11;
				GCC_DYNAMIC_NO_PIC = NO;
				GCC_NO_COMMON_BLOCKS = YES;
				GCC_OPTIMIZATION_LEVEL = 0;
				GCC_PREPROCESSOR_DEFINITIONS = (
					"DEBUG=1",
					"$(inherited)",
				);
				GCC_WARN_64_TO_32_BIT_CONVERSION = YES;
				GCC_WARN_ABOUT_RETURN_TYPE = YES_ERROR;
				GCC_WARN_UNDECLARED_SELECTOR = YES;
				GCC_WARN_UNINITIALIZED_AUTOS = YES_AGGRESSIVE;
				GCC_WARN_UNUSED_FUNCTION = YES;
				GCC_WARN_UNUSED_VARIABLE = YES;
				IPHONEOS_DEPLOYMENT_TARGET = 12.0;
				LC_Build = 10;
				LC_Version = 1.1;
				MTL_ENABLE_DEBUG_INFO = INCLUDE_SOURCE;
				MTL_FAST_MATH = YES;
				ONLY_ACTIVE_ARCH = YES;
				SDKROOT = iphoneos;
				SWIFT_ACTIVE_COMPILATION_CONDITIONS = DEBUG;
				SWIFT_OPTIMIZATION_LEVEL = "-Onone";
			};
			name = Debug;
		};
		C35A85C421121A0B0053AB48 /* Release */ = {
			isa = XCBuildConfiguration;
			buildSettings = {
				ALWAYS_SEARCH_USER_PATHS = NO;
				CLANG_ANALYZER_NONNULL = YES;
				CLANG_ANALYZER_NUMBER_OBJECT_CONVERSION = YES_AGGRESSIVE;
				CLANG_CXX_LANGUAGE_STANDARD = "gnu++14";
				CLANG_CXX_LIBRARY = "libc++";
				CLANG_ENABLE_MODULES = YES;
				CLANG_ENABLE_OBJC_ARC = YES;
				CLANG_ENABLE_OBJC_WEAK = YES;
				CLANG_WARN_BLOCK_CAPTURE_AUTORELEASING = YES;
				CLANG_WARN_BOOL_CONVERSION = YES;
				CLANG_WARN_COMMA = YES;
				CLANG_WARN_CONSTANT_CONVERSION = YES;
				CLANG_WARN_DEPRECATED_OBJC_IMPLEMENTATIONS = YES;
				CLANG_WARN_DIRECT_OBJC_ISA_USAGE = YES_ERROR;
				CLANG_WARN_DOCUMENTATION_COMMENTS = YES;
				CLANG_WARN_EMPTY_BODY = YES;
				CLANG_WARN_ENUM_CONVERSION = YES;
				CLANG_WARN_INFINITE_RECURSION = YES;
				CLANG_WARN_INT_CONVERSION = YES;
				CLANG_WARN_NON_LITERAL_NULL_CONVERSION = YES;
				CLANG_WARN_OBJC_IMPLICIT_RETAIN_SELF = YES;
				CLANG_WARN_OBJC_LITERAL_CONVERSION = YES;
				CLANG_WARN_OBJC_ROOT_CLASS = YES_ERROR;
				CLANG_WARN_RANGE_LOOP_ANALYSIS = YES;
				CLANG_WARN_STRICT_PROTOTYPES = YES;
				CLANG_WARN_SUSPICIOUS_MOVE = YES;
				CLANG_WARN_UNGUARDED_AVAILABILITY = YES_AGGRESSIVE;
				CLANG_WARN_UNREACHABLE_CODE = YES;
				CLANG_WARN__DUPLICATE_METHOD_MATCH = YES;
				CODE_SIGN_IDENTITY = "iPhone Developer";
				COPY_PHASE_STRIP = NO;
				DEBUG_INFORMATION_FORMAT = "dwarf-with-dsym";
				ENABLE_NS_ASSERTIONS = NO;
				ENABLE_STRICT_OBJC_MSGSEND = YES;
				GCC_C_LANGUAGE_STANDARD = gnu11;
				GCC_NO_COMMON_BLOCKS = YES;
				GCC_WARN_64_TO_32_BIT_CONVERSION = YES;
				GCC_WARN_ABOUT_RETURN_TYPE = YES_ERROR;
				GCC_WARN_UNDECLARED_SELECTOR = YES;
				GCC_WARN_UNINITIALIZED_AUTOS = YES_AGGRESSIVE;
				GCC_WARN_UNUSED_FUNCTION = YES;
				GCC_WARN_UNUSED_VARIABLE = YES;
				IPHONEOS_DEPLOYMENT_TARGET = 12.0;
				LC_Build = 10;
				LC_Version = 1.1;
				MTL_ENABLE_DEBUG_INFO = NO;
				MTL_FAST_MATH = YES;
				SDKROOT = iphoneos;
				SWIFT_COMPILATION_MODE = wholemodule;
				SWIFT_OPTIMIZATION_LEVEL = "-O";
				VALIDATE_PRODUCT = YES;
			};
			name = Release;
		};
		C35A85C621121A0B0053AB48 /* Debug */ = {
			isa = XCBuildConfiguration;
			buildSettings = {
				ALWAYS_EMBED_SWIFT_STANDARD_LIBRARIES = YES;
				ASSETCATALOG_COMPILER_APPICON_NAME = LazyClock;
				CLANG_USE_OPTIMIZATION_PROFILE = YES;
				CODE_SIGN_ENTITLEMENTS = "Lazy Clock/Lazy Clock.entitlements";
				CODE_SIGN_STYLE = Automatic;
				DEVELOPMENT_TEAM = 69RV8YV62P;
				FRAMEWORK_SEARCH_PATHS = (
					"$(inherited)",
					"$(PROJECT_DIR)",
				);
				INFOPLIST_FILE = "$(SRCROOT)/Lazy Clock/Info.plist";
				LD_RUNPATH_SEARCH_PATHS = (
					"$(inherited)",
					"@executable_path/Frameworks",
				);
				PRODUCT_BUNDLE_IDENTIFIER = "com.hbiede.Lazy-Clock.iOS";
				PRODUCT_NAME = "$(TARGET_NAME)";
				SWIFT_VERSION = 4.2;
				TARGETED_DEVICE_FAMILY = "1,2";
			};
			name = Debug;
		};
		C35A85C721121A0B0053AB48 /* Release */ = {
			isa = XCBuildConfiguration;
			buildSettings = {
				ALWAYS_EMBED_SWIFT_STANDARD_LIBRARIES = YES;
				ASSETCATALOG_COMPILER_APPICON_NAME = LazyClock;
				CLANG_USE_OPTIMIZATION_PROFILE = YES;
				CODE_SIGN_ENTITLEMENTS = "Lazy Clock/Lazy Clock.entitlements";
				CODE_SIGN_STYLE = Automatic;
				DEVELOPMENT_TEAM = 69RV8YV62P;
				FRAMEWORK_SEARCH_PATHS = (
					"$(inherited)",
					"$(PROJECT_DIR)",
				);
				INFOPLIST_FILE = "$(SRCROOT)/Lazy Clock/Info.plist";
				LD_RUNPATH_SEARCH_PATHS = (
					"$(inherited)",
					"@executable_path/Frameworks",
				);
				PRODUCT_BUNDLE_IDENTIFIER = "com.hbiede.Lazy-Clock.iOS";
				PRODUCT_NAME = "$(TARGET_NAME)";
				SWIFT_VERSION = 4.2;
				TARGETED_DEVICE_FAMILY = "1,2";
			};
			name = Release;
		};
		C371330C2132809200C8282A /* Debug */ = {
			isa = XCBuildConfiguration;
			buildSettings = {
				ASSETCATALOG_COMPILER_APPICON_NAME = "Lazy Clock";
				CODE_SIGN_STYLE = Automatic;
				DEVELOPMENT_TEAM = 69RV8YV62P;
				INFOPLIST_FILE = "Lazy Clock TV/Info.plist";
				LD_RUNPATH_SEARCH_PATHS = (
					"$(inherited)",
					"@executable_path/Frameworks",
				);
				PRODUCT_BUNDLE_IDENTIFIER = "com.hbiede.Lazy-Clock.TV";
				PRODUCT_NAME = "$(TARGET_NAME)";
				SDKROOT = appletvos;
				SWIFT_VERSION = 4.2;
				TARGETED_DEVICE_FAMILY = 3;
				TVOS_DEPLOYMENT_TARGET = 12.0;
			};
			name = Debug;
		};
		C371330D2132809200C8282A /* Release */ = {
			isa = XCBuildConfiguration;
			buildSettings = {
				ASSETCATALOG_COMPILER_APPICON_NAME = "Lazy Clock";
				CODE_SIGN_STYLE = Automatic;
				DEVELOPMENT_TEAM = 69RV8YV62P;
				INFOPLIST_FILE = "Lazy Clock TV/Info.plist";
				LD_RUNPATH_SEARCH_PATHS = (
					"$(inherited)",
					"@executable_path/Frameworks",
				);
				PRODUCT_BUNDLE_IDENTIFIER = "com.hbiede.Lazy-Clock.TV";
				PRODUCT_NAME = "$(TARGET_NAME)";
				SDKROOT = appletvos;
				SWIFT_VERSION = 4.2;
				TARGETED_DEVICE_FAMILY = 3;
				TVOS_DEPLOYMENT_TARGET = 12.0;
			};
			name = Release;
		};
		C3B218CF21C44C1800B3AFAB /* Debug */ = {
			isa = XCBuildConfiguration;
			buildSettings = {
				BUNDLE_LOADER = "$(TEST_HOST)";
				CODE_SIGN_STYLE = Automatic;
				DEVELOPMENT_TEAM = 69RV8YV62P;
				INFOPLIST_FILE = "Lazy ClockTests/Info.plist";
				IPHONEOS_DEPLOYMENT_TARGET = 12.1;
				LD_RUNPATH_SEARCH_PATHS = (
					"$(inherited)",
					"@executable_path/Frameworks",
					"@loader_path/Frameworks",
				);
				PRODUCT_BUNDLE_IDENTIFIER = "com.hbiede.Lazy-ClockTests";
				PRODUCT_NAME = "$(TARGET_NAME)";
				SWIFT_VERSION = 4.2;
				TARGETED_DEVICE_FAMILY = "1,2";
				TEST_HOST = "$(BUILT_PRODUCTS_DIR)/Lazy Clock.app/Lazy Clock";
			};
			name = Debug;
		};
		C3B218D021C44C1800B3AFAB /* Release */ = {
			isa = XCBuildConfiguration;
			buildSettings = {
				BUNDLE_LOADER = "$(TEST_HOST)";
				CODE_SIGN_STYLE = Automatic;
				DEVELOPMENT_TEAM = 69RV8YV62P;
				INFOPLIST_FILE = "Lazy ClockTests/Info.plist";
				IPHONEOS_DEPLOYMENT_TARGET = 12.1;
				LD_RUNPATH_SEARCH_PATHS = (
					"$(inherited)",
					"@executable_path/Frameworks",
					"@loader_path/Frameworks",
				);
				PRODUCT_BUNDLE_IDENTIFIER = "com.hbiede.Lazy-ClockTests";
				PRODUCT_NAME = "$(TARGET_NAME)";
				SWIFT_VERSION = 4.2;
				TARGETED_DEVICE_FAMILY = "1,2";
				TEST_HOST = "$(BUILT_PRODUCTS_DIR)/Lazy Clock.app/Lazy Clock";
			};
			name = Release;
		};
		C3BC027921C4369200845642 /* Debug */ = {
			isa = XCBuildConfiguration;
			buildSettings = {
				ASSETCATALOG_COMPILER_COMPLICATION_NAME = Complication;
				CODE_SIGN_STYLE = Automatic;
				DEVELOPMENT_TEAM = 69RV8YV62P;
				INFOPLIST_FILE = "watchOS Extension/Info.plist";
				LD_RUNPATH_SEARCH_PATHS = (
					"$(inherited)",
					"@executable_path/Frameworks",
					"@executable_path/../../Frameworks",
				);
				PRODUCT_BUNDLE_IDENTIFIER = "com.hbiede.Lazy-Clock.iOS.watchkitapp.watchkitextension";
				PRODUCT_NAME = "${TARGET_NAME}";
				SDKROOT = watchos;
				SKIP_INSTALL = YES;
				SWIFT_VERSION = 4.2;
				TARGETED_DEVICE_FAMILY = 4;
				WATCHOS_DEPLOYMENT_TARGET = 5.1;
			};
			name = Debug;
		};
		C3BC027A21C4369200845642 /* Release */ = {
			isa = XCBuildConfiguration;
			buildSettings = {
				ASSETCATALOG_COMPILER_COMPLICATION_NAME = Complication;
				CODE_SIGN_STYLE = Automatic;
				DEVELOPMENT_TEAM = 69RV8YV62P;
				INFOPLIST_FILE = "watchOS Extension/Info.plist";
				LD_RUNPATH_SEARCH_PATHS = (
					"$(inherited)",
					"@executable_path/Frameworks",
					"@executable_path/../../Frameworks",
				);
				PRODUCT_BUNDLE_IDENTIFIER = "com.hbiede.Lazy-Clock.iOS.watchkitapp.watchkitextension";
				PRODUCT_NAME = "${TARGET_NAME}";
				SDKROOT = watchos;
				SKIP_INSTALL = YES;
				SWIFT_VERSION = 4.2;
				TARGETED_DEVICE_FAMILY = 4;
				WATCHOS_DEPLOYMENT_TARGET = 5.1;
			};
			name = Release;
		};
		C3BC027D21C4369200845642 /* Debug */ = {
			isa = XCBuildConfiguration;
			buildSettings = {
				ALWAYS_EMBED_SWIFT_STANDARD_LIBRARIES = YES;
				ASSETCATALOG_COMPILER_APPICON_NAME = AppIcon;
				CODE_SIGN_STYLE = Automatic;
				DEVELOPMENT_TEAM = 69RV8YV62P;
				IBSC_MODULE = watchOS_Extension;
				INFOPLIST_FILE = watchOS/Info.plist;
				PRODUCT_BUNDLE_IDENTIFIER = "com.hbiede.Lazy-Clock.iOS.watchkitapp";
				PRODUCT_NAME = "$(TARGET_NAME)";
				SDKROOT = watchos;
				SKIP_INSTALL = YES;
				SWIFT_VERSION = 4.2;
				TARGETED_DEVICE_FAMILY = 4;
				WATCHOS_DEPLOYMENT_TARGET = 5.1;
			};
			name = Debug;
		};
		C3BC027E21C4369200845642 /* Release */ = {
			isa = XCBuildConfiguration;
			buildSettings = {
				ALWAYS_EMBED_SWIFT_STANDARD_LIBRARIES = YES;
				ASSETCATALOG_COMPILER_APPICON_NAME = AppIcon;
				CODE_SIGN_STYLE = Automatic;
				DEVELOPMENT_TEAM = 69RV8YV62P;
				IBSC_MODULE = watchOS_Extension;
				INFOPLIST_FILE = watchOS/Info.plist;
				PRODUCT_BUNDLE_IDENTIFIER = "com.hbiede.Lazy-Clock.iOS.watchkitapp";
				PRODUCT_NAME = "$(TARGET_NAME)";
				SDKROOT = watchos;
				SKIP_INSTALL = YES;
				SWIFT_VERSION = 4.2;
				TARGETED_DEVICE_FAMILY = 4;
				WATCHOS_DEPLOYMENT_TARGET = 5.1;
			};
			name = Release;
		};
/* End XCBuildConfiguration section */

/* Begin XCConfigurationList section */
		C31F82E4213C5DB100294F4F /* Build configuration list for PBXNativeTarget "Stickers" */ = {
			isa = XCConfigurationList;
			buildConfigurations = (
				C31F82E2213C5DB100294F4F /* Debug */,
				C31F82E3213C5DB100294F4F /* Release */,
			);
			defaultConfigurationIsVisible = 0;
			defaultConfigurationName = Release;
		};
		C332BA3B2134F1A000276726 /* Build configuration list for PBXNativeTarget "TodayView" */ = {
			isa = XCConfigurationList;
			buildConfigurations = (
				C332BA3C2134F1A000276726 /* Debug */,
				C332BA3D2134F1A000276726 /* Release */,
			);
			defaultConfigurationIsVisible = 0;
			defaultConfigurationName = Release;
		};
		C332BA9C2134F83900276726 /* Build configuration list for PBXNativeTarget "LazyIntent" */ = {
			isa = XCConfigurationList;
			buildConfigurations = (
				C332BA9D2134F83900276726 /* Debug */,
				C332BA9E2134F83900276726 /* Release */,
			);
			defaultConfigurationIsVisible = 0;
			defaultConfigurationName = Release;
		};
		C35A85AE21121A0B0053AB48 /* Build configuration list for PBXProject "Lazy Clock" */ = {
			isa = XCConfigurationList;
			buildConfigurations = (
				C35A85C321121A0B0053AB48 /* Debug */,
				C35A85C421121A0B0053AB48 /* Release */,
			);
			defaultConfigurationIsVisible = 0;
			defaultConfigurationName = Release;
		};
		C35A85C521121A0B0053AB48 /* Build configuration list for PBXNativeTarget "Lazy Clock" */ = {
			isa = XCConfigurationList;
			buildConfigurations = (
				C35A85C621121A0B0053AB48 /* Debug */,
				C35A85C721121A0B0053AB48 /* Release */,
			);
			defaultConfigurationIsVisible = 0;
			defaultConfigurationName = Release;
		};
		C371330B2132809200C8282A /* Build configuration list for PBXNativeTarget "Lazy Clock TV" */ = {
			isa = XCConfigurationList;
			buildConfigurations = (
				C371330C2132809200C8282A /* Debug */,
				C371330D2132809200C8282A /* Release */,
			);
			defaultConfigurationIsVisible = 0;
			defaultConfigurationName = Release;
		};
		C3B218CE21C44C1800B3AFAB /* Build configuration list for PBXNativeTarget "Lazy ClockTests" */ = {
			isa = XCConfigurationList;
			buildConfigurations = (
				C3B218CF21C44C1800B3AFAB /* Debug */,
				C3B218D021C44C1800B3AFAB /* Release */,
			);
			defaultConfigurationIsVisible = 0;
			defaultConfigurationName = Release;
		};
		C3BC027821C4369200845642 /* Build configuration list for PBXNativeTarget "watchOS Extension" */ = {
			isa = XCConfigurationList;
			buildConfigurations = (
				C3BC027921C4369200845642 /* Debug */,
				C3BC027A21C4369200845642 /* Release */,
			);
			defaultConfigurationIsVisible = 0;
			defaultConfigurationName = Release;
		};
		C3BC027C21C4369200845642 /* Build configuration list for PBXNativeTarget "watchOS" */ = {
			isa = XCConfigurationList;
			buildConfigurations = (
				C3BC027D21C4369200845642 /* Debug */,
				C3BC027E21C4369200845642 /* Release */,
			);
			defaultConfigurationIsVisible = 0;
			defaultConfigurationName = Release;
		};
/* End XCConfigurationList section */
	};
	rootObject = C35A85AB21121A0B0053AB48 /* Project object */;
}
